// !$*UTF8*$!
{
	archiveVersion = 1;
	classes = {
	};
	objectVersion = 50;
	objects = {

/* Begin PBXBuildFile section */
		220AC67C2414E774008D9D92 /* Scene2ViewController.swift in Sources */ = {isa = PBXBuildFile; fileRef = 220AC67B2414E774008D9D92 /* Scene2ViewController.swift */; };
		220AC67E2414E78D008D9D92 /* Scene3ViewController.swift in Sources */ = {isa = PBXBuildFile; fileRef = 220AC67D2414E78D008D9D92 /* Scene3ViewController.swift */; };
		2250A58223CA3D08004E0ED7 /* AppDelegate.swift in Sources */ = {isa = PBXBuildFile; fileRef = 2250A58123CA3D08004E0ED7 /* AppDelegate.swift */; };
		2250A58423CA3D08004E0ED7 /* SceneDelegate.swift in Sources */ = {isa = PBXBuildFile; fileRef = 2250A58323CA3D08004E0ED7 /* SceneDelegate.swift */; };
		2250A58623CA3D08004E0ED7 /* ViewController.swift in Sources */ = {isa = PBXBuildFile; fileRef = 2250A58523CA3D08004E0ED7 /* ViewController.swift */; };
		2250A58923CA3D08004E0ED7 /* Main.storyboard in Resources */ = {isa = PBXBuildFile; fileRef = 2250A58723CA3D08004E0ED7 /* Main.storyboard */; };
		2250A58B23CA3D0A004E0ED7 /* Assets.xcassets in Resources */ = {isa = PBXBuildFile; fileRef = 2250A58A23CA3D0A004E0ED7 /* Assets.xcassets */; };
		2250A58E23CA3D0A004E0ED7 /* LaunchScreen.storyboard in Resources */ = {isa = PBXBuildFile; fileRef = 2250A58C23CA3D0A004E0ED7 /* LaunchScreen.storyboard */; };
		22791776240E67FB00BA89FC /* Scene1ViewController.swift in Sources */ = {isa = PBXBuildFile; fileRef = 22791775240E67FB00BA89FC /* Scene1ViewController.swift */; };
		22F8CB8523FFDF9E007E0554 /* CoreLocation.framework in Frameworks */ = {isa = PBXBuildFile; fileRef = 22F8CB8423FFDF9E007E0554 /* CoreLocation.framework */; };
/* End PBXBuildFile section */

/* Begin PBXFileReference section */
		220AC67B2414E774008D9D92 /* Scene2ViewController.swift */ = {isa = PBXFileReference; lastKnownFileType = sourcecode.swift; path = Scene2ViewController.swift; sourceTree = "<group>"; };
		220AC67D2414E78D008D9D92 /* Scene3ViewController.swift */ = {isa = PBXFileReference; lastKnownFileType = sourcecode.swift; path = Scene3ViewController.swift; sourceTree = "<group>"; };
		2250A57E23CA3D08004E0ED7 /* Sensor.app */ = {isa = PBXFileReference; explicitFileType = wrapper.application; includeInIndex = 0; path = Sensor.app; sourceTree = BUILT_PRODUCTS_DIR; };
		2250A58123CA3D08004E0ED7 /* AppDelegate.swift */ = {isa = PBXFileReference; lastKnownFileType = sourcecode.swift; path = AppDelegate.swift; sourceTree = "<group>"; };
		2250A58323CA3D08004E0ED7 /* SceneDelegate.swift */ = {isa = PBXFileReference; lastKnownFileType = sourcecode.swift; path = SceneDelegate.swift; sourceTree = "<group>"; };
		2250A58523CA3D08004E0ED7 /* ViewController.swift */ = {isa = PBXFileReference; lastKnownFileType = sourcecode.swift; path = ViewController.swift; sourceTree = "<group>"; };
		2250A58823CA3D08004E0ED7 /* Base */ = {isa = PBXFileReference; lastKnownFileType = file.storyboard; name = Base; path = Base.lproj/Main.storyboard; sourceTree = "<group>"; };
		2250A58A23CA3D0A004E0ED7 /* Assets.xcassets */ = {isa = PBXFileReference; lastKnownFileType = folder.assetcatalog; path = Assets.xcassets; sourceTree = "<group>"; };
		2250A58D23CA3D0A004E0ED7 /* Base */ = {isa = PBXFileReference; lastKnownFileType = file.storyboard; name = Base; path = Base.lproj/LaunchScreen.storyboard; sourceTree = "<group>"; };
		2250A58F23CA3D0A004E0ED7 /* Info.plist */ = {isa = PBXFileReference; lastKnownFileType = text.plist.xml; path = Info.plist; sourceTree = "<group>"; };
		22791775240E67FB00BA89FC /* Scene1ViewController.swift */ = {isa = PBXFileReference; lastKnownFileType = sourcecode.swift; path = Scene1ViewController.swift; sourceTree = "<group>"; };
		22F8CB8423FFDF9E007E0554 /* CoreLocation.framework */ = {isa = PBXFileReference; lastKnownFileType = wrapper.framework; name = CoreLocation.framework; path = System/Library/Frameworks/CoreLocation.framework; sourceTree = SDKROOT; };
/* End PBXFileReference section */

/* Begin PBXFrameworksBuildPhase section */
		2250A57B23CA3D08004E0ED7 /* Frameworks */ = {
			isa = PBXFrameworksBuildPhase;
			buildActionMask = 2147483647;
			files = (
				22F8CB8523FFDF9E007E0554 /* CoreLocation.framework in Frameworks */,
			);
			runOnlyForDeploymentPostprocessing = 0;
		};
/* End PBXFrameworksBuildPhase section */

/* Begin PBXGroup section */
		2250A57523CA3D08004E0ED7 = {
			isa = PBXGroup;
			children = (
				2250A58023CA3D08004E0ED7 /* Sensor */,
				2250A57F23CA3D08004E0ED7 /* Products */,
				22F8CB8323FFDF9D007E0554 /* Frameworks */,
			);
			sourceTree = "<group>";
		};
		2250A57F23CA3D08004E0ED7 /* Products */ = {
			isa = PBXGroup;
			children = (
				2250A57E23CA3D08004E0ED7 /* Sensor.app */,
			);
			name = Products;
			sourceTree = "<group>";
		};
		2250A58023CA3D08004E0ED7 /* Sensor */ = {
			isa = PBXGroup;
			children = (
				2250A58123CA3D08004E0ED7 /* AppDelegate.swift */,
				2250A58323CA3D08004E0ED7 /* SceneDelegate.swift */,
				2250A58523CA3D08004E0ED7 /* ViewController.swift */,
				22791775240E67FB00BA89FC /* Scene1ViewController.swift */,
				220AC67B2414E774008D9D92 /* Scene2ViewController.swift */,
				220AC67D2414E78D008D9D92 /* Scene3ViewController.swift */,
				2250A58723CA3D08004E0ED7 /* Main.storyboard */,
				2250A58A23CA3D0A004E0ED7 /* Assets.xcassets */,
				2250A58C23CA3D0A004E0ED7 /* LaunchScreen.storyboard */,
				2250A58F23CA3D0A004E0ED7 /* Info.plist */,
			);
			path = Sensor;
			sourceTree = "<group>";
		};
		22F8CB8323FFDF9D007E0554 /* Frameworks */ = {
			isa = PBXGroup;
			children = (
				22F8CB8423FFDF9E007E0554 /* CoreLocation.framework */,
			);
			name = Frameworks;
			sourceTree = "<group>";
		};
/* End PBXGroup section */

/* Begin PBXNativeTarget section */
		2250A57D23CA3D08004E0ED7 /* Sensor */ = {
			isa = PBXNativeTarget;
			buildConfigurationList = 2250A59223CA3D0A004E0ED7 /* Build configuration list for PBXNativeTarget "Sensor" */;
			buildPhases = (
				2250A57A23CA3D08004E0ED7 /* Sources */,
				2250A57B23CA3D08004E0ED7 /* Frameworks */,
				2250A57C23CA3D08004E0ED7 /* Resources */,
			);
			buildRules = (
			);
			dependencies = (
			);
			name = Sensor;
			productName = Sensor;
			productReference = 2250A57E23CA3D08004E0ED7 /* Sensor.app */;
			productType = "com.apple.product-type.application";
		};
/* End PBXNativeTarget section */

/* Begin PBXProject section */
		2250A57623CA3D08004E0ED7 /* Project object */ = {
			isa = PBXProject;
			attributes = {
				LastSwiftUpdateCheck = 1130;
				LastUpgradeCheck = 1130;
				ORGANIZATIONNAME = "藤田優作";
				TargetAttributes = {
					2250A57D23CA3D08004E0ED7 = {
						CreatedOnToolsVersion = 11.3;
					};
				};
			};
			buildConfigurationList = 2250A57923CA3D08004E0ED7 /* Build configuration list for PBXProject "Sensor" */;
			compatibilityVersion = "Xcode 9.3";
			developmentRegion = en;
			hasScannedForEncodings = 0;
			knownRegions = (
				en,
				Base,
			);
			mainGroup = 2250A57523CA3D08004E0ED7;
			productRefGroup = 2250A57F23CA3D08004E0ED7 /* Products */;
			projectDirPath = "";
			projectRoot = "";
			targets = (
				2250A57D23CA3D08004E0ED7 /* Sensor */,
			);
		};
/* End PBXProject section */

/* Begin PBXResourcesBuildPhase section */
		2250A57C23CA3D08004E0ED7 /* Resources */ = {
			isa = PBXResourcesBuildPhase;
			buildActionMask = 2147483647;
			files = (
				2250A58E23CA3D0A004E0ED7 /* LaunchScreen.storyboard in Resources */,
				2250A58B23CA3D0A004E0ED7 /* Assets.xcassets in Resources */,
				2250A58923CA3D08004E0ED7 /* Main.storyboard in Resources */,
			);
			runOnlyForDeploymentPostprocessing = 0;
		};
/* End PBXResourcesBuildPhase section */

/* Begin PBXSourcesBuildPhase section */
		2250A57A23CA3D08004E0ED7 /* Sources */ = {
			isa = PBXSourcesBuildPhase;
			buildActionMask = 2147483647;
			files = (
				2250A58623CA3D08004E0ED7 /* ViewController.swift in Sources */,
				22791776240E67FB00BA89FC /* Scene1ViewController.swift in Sources */,
				220AC67C2414E774008D9D92 /* Scene2ViewController.swift in Sources */,
				2250A58223CA3D08004E0ED7 /* AppDelegate.swift in Sources */,
				2250A58423CA3D08004E0ED7 /* SceneDelegate.swift in Sources */,
				220AC67E2414E78D008D9D92 /* Scene3ViewController.swift in Sources */,
			);
			runOnlyForDeploymentPostprocessing = 0;
		};
/* End PBXSourcesBuildPhase section */

/* Begin PBXVariantGroup section */
		2250A58723CA3D08004E0ED7 /* Main.storyboard */ = {
			isa = PBXVariantGroup;
			children = (
				2250A58823CA3D08004E0ED7 /* Base */,
			);
			name = Main.storyboard;
			sourceTree = "<group>";
		};
		2250A58C23CA3D0A004E0ED7 /* LaunchScreen.storyboard */ = {
			isa = PBXVariantGroup;
			children = (
				2250A58D23CA3D0A004E0ED7 /* Base */,
			);
			name = LaunchScreen.storyboard;
			sourceTree = "<group>";
		};
/* End PBXVariantGroup section */

/* Begin XCBuildConfiguration section */
		2250A59023CA3D0A004E0ED7 /* Debug */ = {
			isa = XCBuildConfiguration;
			buildSettings = {
				ALWAYS_SEARCH_USER_PATHS = NO;
				CLANG_ANALYZER_NONNULL = YES;
				CLANG_ANALYZER_NUMBER_OBJECT_CONVERSION = YES_AGGRESSIVE;
				CLANG_CXX_LANGUAGE_STANDARD = "gnu++14";
				CLANG_CXX_LIBRARY = "libc++";
				CLANG_ENABLE_MODULES = YES;
				CLANG_ENABLE_OBJC_ARC = YES;
				CLANG_ENABLE_OBJC_WEAK = YES;
				CLANG_WARN_BLOCK_CAPTURE_AUTORELEASING = YES;
				CLANG_WARN_BOOL_CONVERSION = YES;
				CLANG_WARN_COMMA = YES;
				CLANG_WARN_CONSTANT_CONVERSION = YES;
				CLANG_WARN_DEPRECATED_OBJC_IMPLEMENTATIONS = YES;
				CLANG_WARN_DIRECT_OBJC_ISA_USAGE = YES_ERROR;
				CLANG_WARN_DOCUMENTATION_COMMENTS = YES;
				CLANG_WARN_EMPTY_BODY = YES;
				CLANG_WARN_ENUM_CONVERSION = YES;
				CLANG_WARN_INFINITE_RECURSION = YES;
				CLANG_WARN_INT_CONVERSION = YES;
				CLANG_WARN_NON_LITERAL_NULL_CONVERSION = YES;
				CLANG_WARN_OBJC_IMPLICIT_RETAIN_SELF = YES;
				CLANG_WARN_OBJC_LITERAL_CONVERSION = YES;
				CLANG_WARN_OBJC_ROOT_CLASS = YES_ERROR;
				CLANG_WARN_RANGE_LOOP_ANALYSIS = YES;
				CLANG_WARN_STRICT_PROTOTYPES = YES;
				CLANG_WARN_SUSPICIOUS_MOVE = YES;
				CLANG_WARN_UNGUARDED_AVAILABILITY = YES_AGGRESSIVE;
				CLANG_WARN_UNREACHABLE_CODE = YES;
				CLANG_WARN__DUPLICATE_METHOD_MATCH = YES;
				COPY_PHASE_STRIP = NO;
				DEBUG_INFORMATION_FORMAT = dwarf;
				ENABLE_STRICT_OBJC_MSGSEND = YES;
				ENABLE_TESTABILITY = YES;
				GCC_C_LANGUAGE_STANDARD = gnu11;
				GCC_DYNAMIC_NO_PIC = NO;
				GCC_NO_COMMON_BLOCKS = YES;
				GCC_OPTIMIZATION_LEVEL = 0;
				GCC_PREPROCESSOR_DEFINITIONS = (
					"DEBUG=1",
					"$(inherited)",
				);
				GCC_WARN_64_TO_32_BIT_CONVERSION = YES;
				GCC_WARN_ABOUT_RETURN_TYPE = YES_ERROR;
				GCC_WARN_UNDECLARED_SELECTOR = YES;
				GCC_WARN_UNINITIALIZED_AUTOS = YES_AGGRESSIVE;
				GCC_WARN_UNUSED_FUNCTION = YES;
				GCC_WARN_UNUSED_VARIABLE = YES;
				IPHONEOS_DEPLOYMENT_TARGET = 13.2;
				MTL_ENABLE_DEBUG_INFO = INCLUDE_SOURCE;
				MTL_FAST_MATH = YES;
				ONLY_ACTIVE_ARCH = YES;
				SDKROOT = iphoneos;
				SWIFT_ACTIVE_COMPILATION_CONDITIONS = DEBUG;
				SWIFT_OPTIMIZATION_LEVEL = "-Onone";
			};
			name = Debug;
		};
		2250A59123CA3D0A004E0ED7 /* Release */ = {
			isa = XCBuildConfiguration;
			buildSettings = {
				ALWAYS_SEARCH_USER_PATHS = NO;
				CLANG_ANALYZER_NONNULL = YES;
				CLANG_ANALYZER_NUMBER_OBJECT_CONVERSION = YES_AGGRESSIVE;
				CLANG_CXX_LANGUAGE_STANDARD = "gnu++14";
				CLANG_CXX_LIBRARY = "libc++";
				CLANG_ENABLE_MODULES = YES;
				CLANG_ENABLE_OBJC_ARC = YES;
				CLANG_ENABLE_OBJC_WEAK = YES;
				CLANG_WARN_BLOCK_CAPTURE_AUTORELEASING = YES;
				CLANG_WARN_BOOL_CONVERSION = YES;
				CLANG_WARN_COMMA = YES;
				CLANG_WARN_CONSTANT_CONVERSION = YES;
				CLANG_WARN_DEPRECATED_OBJC_IMPLEMENTATIONS = YES;
				CLANG_WARN_DIRECT_OBJC_ISA_USAGE = YES_ERROR;
				CLANG_WARN_DOCUMENTATION_COMMENTS = YES;
				CLANG_WARN_EMPTY_BODY = YES;
				CLANG_WARN_ENUM_CONVERSION = YES;
				CLANG_WARN_INFINITE_RECURSION = YES;
				CLANG_WARN_INT_CONVERSION = YES;
				CLANG_WARN_NON_LITERAL_NULL_CONVERSION = YES;
				CLANG_WARN_OBJC_IMPLICIT_RETAIN_SELF = YES;
				CLANG_WARN_OBJC_LITERAL_CONVERSION = YES;
				CLANG_WARN_OBJC_ROOT_CLASS = YES_ERROR;
				CLANG_WARN_RANGE_LOOP_ANALYSIS = YES;
				CLANG_WARN_STRICT_PROTOTYPES = YES;
				CLANG_WARN_SUSPICIOUS_MOVE = YES;
				CLANG_WARN_UNGUARDED_AVAILABILITY = YES_AGGRESSIVE;
				CLANG_WARN_UNREACHABLE_CODE = YES;
				CLANG_WARN__DUPLICATE_METHOD_MATCH = YES;
				COPY_PHASE_STRIP = NO;
				DEBUG_INFORMATION_FORMAT = "dwarf-with-dsym";
				ENABLE_NS_ASSERTIONS = NO;
				ENABLE_STRICT_OBJC_MSGSEND = YES;
				GCC_C_LANGUAGE_STANDARD = gnu11;
				GCC_NO_COMMON_BLOCKS = YES;
				GCC_WARN_64_TO_32_BIT_CONVERSION = YES;
				GCC_WARN_ABOUT_RETURN_TYPE = YES_ERROR;
				GCC_WARN_UNDECLARED_SELECTOR = YES;
				GCC_WARN_UNINITIALIZED_AUTOS = YES_AGGRESSIVE;
				GCC_WARN_UNUSED_FUNCTION = YES;
				GCC_WARN_UNUSED_VARIABLE = YES;
				IPHONEOS_DEPLOYMENT_TARGET = 13.2;
				MTL_ENABLE_DEBUG_INFO = NO;
				MTL_FAST_MATH = YES;
				SDKROOT = iphoneos;
				SWIFT_COMPILATION_MODE = wholemodule;
				SWIFT_OPTIMIZATION_LEVEL = "-O";
				VALIDATE_PRODUCT = YES;
			};
			name = Release;
		};
		2250A59323CA3D0A004E0ED7 /* Debug */ = {
			isa = XCBuildConfiguration;
			buildSettings = {
				ASSETCATALOG_COMPILER_APPICON_NAME = AppIcon;
				CODE_SIGN_IDENTITY = "Apple Development";
				CODE_SIGN_STYLE = Automatic;
				CURRENT_PROJECT_VERSION = 1.0.0;
				DEVELOPMENT_TEAM = 728MNT2Y45;
				INFOPLIST_FILE = Sensor/Info.plist;
				LD_RUNPATH_SEARCH_PATHS = (
					"$(inherited)",
					"@executable_path/Frameworks",
				);
				MARKETING_VERSION = 1.0.0;
				PRODUCT_BUNDLE_IDENTIFIER = com.hanjirou.Sensor;
				PRODUCT_NAME = "$(TARGET_NAME)";
				PROVISIONING_PROFILE_SPECIFIER = "";
				SWIFT_VERSION = 5.0;
				TARGETED_DEVICE_FAMILY = 1;
			};
			name = Debug;
		};
		2250A59423CA3D0A004E0ED7 /* Release */ = {
			isa = XCBuildConfiguration;
			buildSettings = {
				ASSETCATALOG_COMPILER_APPICON_NAME = AppIcon;
				CODE_SIGN_IDENTITY = "Apple Development";
				CODE_SIGN_STYLE = Automatic;
				CURRENT_PROJECT_VERSION = 1.0.0;
				DEVELOPMENT_TEAM = 728MNT2Y45;
				INFOPLIST_FILE = Sensor/Info.plist;
				LD_RUNPATH_SEARCH_PATHS = (
					"$(inherited)",
					"@executable_path/Frameworks",
				);
				MARKETING_VERSION = 1.0.0;
				PRODUCT_BUNDLE_IDENTIFIER = com.hanjirou.Sensor;
				PRODUCT_NAME = "$(TARGET_NAME)";
				PROVISIONING_PROFILE_SPECIFIER = "";
				SWIFT_VERSION = 5.0;
				TARGETED_DEVICE_FAMILY = 1;
			};
			name = Release;
		};
/* End XCBuildConfiguration section */

/* Begin XCConfigurationList section */
		2250A57923CA3D08004E0ED7 /* Build configuration list for PBXProject "Sensor" */ = {
			isa = XCConfigurationList;
			buildConfigurations = (
				2250A59023CA3D0A004E0ED7 /* Debug */,
				2250A59123CA3D0A004E0ED7 /* Release */,
			);
			defaultConfigurationIsVisible = 0;
			defaultConfigurationName = Release;
		};
		2250A59223CA3D0A004E0ED7 /* Build configuration list for PBXNativeTarget "Sensor" */ = {
			isa = XCConfigurationList;
			buildConfigurations = (
				2250A59323CA3D0A004E0ED7 /* Debug */,
				2250A59423CA3D0A004E0ED7 /* Release */,
			);
			defaultConfigurationIsVisible = 0;
			defaultConfigurationName = Release;
		};
/* End XCConfigurationList section */
	};
	rootObject = 2250A57623CA3D08004E0ED7 /* Project object */;
}
